// !$*UTF8*$!
{
	archiveVersion = 1;
	classes = {
	};
	objectVersion = 51;
	objects = {

/* Begin PBXBuildFile section */
		0533BAF623D01E8E009B3D3A /* SecurityViewController.swift in Sources */ = {isa = PBXBuildFile; fileRef = 0533BAF523D01E8E009B3D3A /* SecurityViewController.swift */; };
		0533BAF823D0AE77009B3D3A /* Other.storyboard in Resources */ = {isa = PBXBuildFile; fileRef = 0533BAF723D0AE77009B3D3A /* Other.storyboard */; };
		0533BAFA23D0AEEA009B3D3A /* ClubsDetailsViewController.swift in Sources */ = {isa = PBXBuildFile; fileRef = 0533BAF923D0AEEA009B3D3A /* ClubsDetailsViewController.swift */; };
		0533BAFD23D0BFA2009B3D3A /* PublishViewController.swift in Sources */ = {isa = PBXBuildFile; fileRef = 0533BAFC23D0BFA2009B3D3A /* PublishViewController.swift */; };
		054AD56B23CE0D1B007A9A1C /* HomeViewController.swift in Sources */ = {isa = PBXBuildFile; fileRef = 054AD56A23CE0D1B007A9A1C /* HomeViewController.swift */; };
		054AD56D23CE0D2A007A9A1C /* SideMenuViewController.swift in Sources */ = {isa = PBXBuildFile; fileRef = 054AD56C23CE0D2A007A9A1C /* SideMenuViewController.swift */; };
		054AD56F23CE0D44007A9A1C /* SideTableViewCell.swift in Sources */ = {isa = PBXBuildFile; fileRef = 054AD56E23CE0D44007A9A1C /* SideTableViewCell.swift */; };
		054AD57623CE16EE007A9A1C /* MASliderSpringAnimator.swift in Sources */ = {isa = PBXBuildFile; fileRef = 054AD57123CE16EE007A9A1C /* MASliderSpringAnimator.swift */; };
		054AD57723CE16EE007A9A1C /* MASliderViewController.swift in Sources */ = {isa = PBXBuildFile; fileRef = 054AD57223CE16EE007A9A1C /* MASliderViewController.swift */; };
		054AD57823CE16EE007A9A1C /* Helper1ViewController.swift in Sources */ = {isa = PBXBuildFile; fileRef = 054AD57323CE16EE007A9A1C /* Helper1ViewController.swift */; };
		054AD57923CE16EE007A9A1C /* MASliderAnimating.swift in Sources */ = {isa = PBXBuildFile; fileRef = 054AD57423CE16EE007A9A1C /* MASliderAnimating.swift */; };
		054AD57A23CE16EE007A9A1C /* MASliderView.swift in Sources */ = {isa = PBXBuildFile; fileRef = 054AD57523CE16EE007A9A1C /* MASliderView.swift */; };
		054AD57D23CE1AAB007A9A1C /* SupportViewController.swift in Sources */ = {isa = PBXBuildFile; fileRef = 054AD57C23CE1AAB007A9A1C /* SupportViewController.swift */; };
		054AD58123CE20C8007A9A1C /* PrivacyViewController.swift in Sources */ = {isa = PBXBuildFile; fileRef = 054AD58023CE20C8007A9A1C /* PrivacyViewController.swift */; };
		054AD58323CF5E33007A9A1C /* ImageLabelCollectionViewCell.swift in Sources */ = {isa = PBXBuildFile; fileRef = 054AD58223CF5E33007A9A1C /* ImageLabelCollectionViewCell.swift */; };
		054AD58623CF64FE007A9A1C /* ClubViewController.swift in Sources */ = {isa = PBXBuildFile; fileRef = 054AD58523CF64FE007A9A1C /* ClubViewController.swift */; };
		054AD58823CF73C0007A9A1C /* EventDetailsViewController1.swift in Sources */ = {isa = PBXBuildFile; fileRef = 054AD58723CF73C0007A9A1C /* EventDetailsViewController1.swift */; };
		05F6BF9523DB3E8100F89259 /* FIRHelperClass.swift in Sources */ = {isa = PBXBuildFile; fileRef = 05F6BF9423DB3E8100F89259 /* FIRHelperClass.swift */; };
		05FCBA2323D368600077F3F5 /* CustomTabBarViewController.swift in Sources */ = {isa = PBXBuildFile; fileRef = 05FCBA2223D368600077F3F5 /* CustomTabBarViewController.swift */; };
		05FCBA2523D374390077F3F5 /* RouteViewController.swift in Sources */ = {isa = PBXBuildFile; fileRef = 05FCBA2423D374390077F3F5 /* RouteViewController.swift */; };
		05FCBA2A23D4A9980077F3F5 /* RegisterViewController.swift in Sources */ = {isa = PBXBuildFile; fileRef = 05FCBA2923D4A9980077F3F5 /* RegisterViewController.swift */; };
		05FCBA2C23D5F6AC0077F3F5 /* CommonTableViewCell.swift in Sources */ = {isa = PBXBuildFile; fileRef = 05FCBA2B23D5F6AC0077F3F5 /* CommonTableViewCell.swift */; };
		1007349C2390586B007695DA /* AppDelegate.swift in Sources */ = {isa = PBXBuildFile; fileRef = 1007349B2390586B007695DA /* AppDelegate.swift */; };
		100734A12390586B007695DA /* Main.storyboard in Resources */ = {isa = PBXBuildFile; fileRef = 1007349F2390586B007695DA /* Main.storyboard */; };
		100734A62390586D007695DA /* LaunchScreen.storyboard in Resources */ = {isa = PBXBuildFile; fileRef = 100734A42390586D007695DA /* LaunchScreen.storyboard */; };
		100734AE239058D1007695DA /* GoogleService-Info.plist in Resources */ = {isa = PBXBuildFile; fileRef = 100734AD239058D1007695DA /* GoogleService-Info.plist */; };
		10226B7F2427328400744797 /* AddClubsTableViewController.swift in Sources */ = {isa = PBXBuildFile; fileRef = 10226B7E2427328400744797 /* AddClubsTableViewController.swift */; };
		10448F45244C01C50044D290 /* ApproveClubsListViewController.swift in Sources */ = {isa = PBXBuildFile; fileRef = 10448F44244C01C50044D290 /* ApproveClubsListViewController.swift */; };
		104A136123BEE1F100AF7AB7 /* DataService.swift in Sources */ = {isa = PBXBuildFile; fileRef = 104A136023BEE1F100AF7AB7 /* DataService.swift */; };
		104EB6E524625F2500DCAB8E /* UIViewController+Extension.swift in Sources */ = {isa = PBXBuildFile; fileRef = 104EB6E424625F2500DCAB8E /* UIViewController+Extension.swift */; };
		105AB2C82447C02000F1B4C0 /* ProposeClubViewController.swift in Sources */ = {isa = PBXBuildFile; fileRef = 105AB2C72447C02000F1B4C0 /* ProposeClubViewController.swift */; };
		105C25F22393894F000D1D96 /* Event.swift in Sources */ = {isa = PBXBuildFile; fileRef = 105C25F12393894F000D1D96 /* Event.swift */; };
		105C25F423939160000D1D96 /* Club.swift in Sources */ = {isa = PBXBuildFile; fileRef = 105C25F323939160000D1D96 /* Club.swift */; };
		105C25F8239398F4000D1D96 /* ClubDetailsViewController.swift in Sources */ = {isa = PBXBuildFile; fileRef = 105C25F7239398F4000D1D96 /* ClubDetailsViewController.swift */; };
		10779BAB242854A600B56392 /* EventListTableViewController.swift in Sources */ = {isa = PBXBuildFile; fileRef = 10779BAA242854A600B56392 /* EventListTableViewController.swift */; };
		1089A05924650F2E0041EDD0 /* UITextField+addDoneButtonOnKeyboard.swift in Sources */ = {isa = PBXBuildFile; fileRef = 1089A05824650F2E0041EDD0 /* UITextField+addDoneButtonOnKeyboard.swift */; };
		1089A05B2465112A0041EDD0 /* UITextView+Extension.swift in Sources */ = {isa = PBXBuildFile; fileRef = 1089A05A2465112A0041EDD0 /* UITextView+Extension.swift */; };
		108CB1152491871400318F43 /* UITableView+setEmptyView.swift in Sources */ = {isa = PBXBuildFile; fileRef = 108CB1142491871400318F43 /* UITableView+setEmptyView.swift */; };
		10BCB5852394C5270089EE56 /* Assets.xcassets in Resources */ = {isa = PBXBuildFile; fileRef = 10BCB5842394C5270089EE56 /* Assets.xcassets */; };
		10E36A152501E7BB0035E084 /* Pods_Mission_Connect.framework in Frameworks */ = {isa = PBXBuildFile; fileRef = 1EEFFF29E20647B71014D8BE /* Pods_Mission_Connect.framework */; };
/* End PBXBuildFile section */

/* Begin PBXFileReference section */
		0533BAF523D01E8E009B3D3A /* SecurityViewController.swift */ = {isa = PBXFileReference; lastKnownFileType = sourcecode.swift; path = SecurityViewController.swift; sourceTree = "<group>"; };
		0533BAF723D0AE77009B3D3A /* Other.storyboard */ = {isa = PBXFileReference; lastKnownFileType = file.storyboard; path = Other.storyboard; sourceTree = "<group>"; };
		0533BAF923D0AEEA009B3D3A /* ClubsDetailsViewController.swift */ = {isa = PBXFileReference; lastKnownFileType = sourcecode.swift; path = ClubsDetailsViewController.swift; sourceTree = "<group>"; };
		0533BAFC23D0BFA2009B3D3A /* PublishViewController.swift */ = {isa = PBXFileReference; lastKnownFileType = sourcecode.swift; path = PublishViewController.swift; sourceTree = "<group>"; };
		054AD56A23CE0D1B007A9A1C /* HomeViewController.swift */ = {isa = PBXFileReference; lastKnownFileType = sourcecode.swift; path = HomeViewController.swift; sourceTree = "<group>"; };
		054AD56C23CE0D2A007A9A1C /* SideMenuViewController.swift */ = {isa = PBXFileReference; lastKnownFileType = sourcecode.swift; path = SideMenuViewController.swift; sourceTree = "<group>"; };
		054AD56E23CE0D44007A9A1C /* SideTableViewCell.swift */ = {isa = PBXFileReference; lastKnownFileType = sourcecode.swift; path = SideTableViewCell.swift; sourceTree = "<group>"; };
		054AD57123CE16EE007A9A1C /* MASliderSpringAnimator.swift */ = {isa = PBXFileReference; fileEncoding = 4; lastKnownFileType = sourcecode.swift; path = MASliderSpringAnimator.swift; sourceTree = "<group>"; };
		054AD57223CE16EE007A9A1C /* MASliderViewController.swift */ = {isa = PBXFileReference; fileEncoding = 4; lastKnownFileType = sourcecode.swift; path = MASliderViewController.swift; sourceTree = "<group>"; };
		054AD57323CE16EE007A9A1C /* Helper1ViewController.swift */ = {isa = PBXFileReference; fileEncoding = 4; lastKnownFileType = sourcecode.swift; path = Helper1ViewController.swift; sourceTree = "<group>"; };
		054AD57423CE16EE007A9A1C /* MASliderAnimating.swift */ = {isa = PBXFileReference; fileEncoding = 4; lastKnownFileType = sourcecode.swift; path = MASliderAnimating.swift; sourceTree = "<group>"; };
		054AD57523CE16EE007A9A1C /* MASliderView.swift */ = {isa = PBXFileReference; fileEncoding = 4; lastKnownFileType = sourcecode.swift; path = MASliderView.swift; sourceTree = "<group>"; };
		054AD57C23CE1AAB007A9A1C /* SupportViewController.swift */ = {isa = PBXFileReference; lastKnownFileType = sourcecode.swift; path = SupportViewController.swift; sourceTree = "<group>"; };
		054AD58023CE20C8007A9A1C /* PrivacyViewController.swift */ = {isa = PBXFileReference; lastKnownFileType = sourcecode.swift; path = PrivacyViewController.swift; sourceTree = "<group>"; };
		054AD58223CF5E33007A9A1C /* ImageLabelCollectionViewCell.swift */ = {isa = PBXFileReference; lastKnownFileType = sourcecode.swift; path = ImageLabelCollectionViewCell.swift; sourceTree = "<group>"; };
		054AD58523CF64FE007A9A1C /* ClubViewController.swift */ = {isa = PBXFileReference; lastKnownFileType = sourcecode.swift; path = ClubViewController.swift; sourceTree = "<group>"; };
		054AD58723CF73C0007A9A1C /* EventDetailsViewController1.swift */ = {isa = PBXFileReference; lastKnownFileType = sourcecode.swift; path = EventDetailsViewController1.swift; sourceTree = "<group>"; };
		05F6BF9423DB3E8100F89259 /* FIRHelperClass.swift */ = {isa = PBXFileReference; lastKnownFileType = sourcecode.swift; path = FIRHelperClass.swift; sourceTree = "<group>"; };
		05FCBA2223D368600077F3F5 /* CustomTabBarViewController.swift */ = {isa = PBXFileReference; lastKnownFileType = sourcecode.swift; path = CustomTabBarViewController.swift; sourceTree = "<group>"; };
		05FCBA2423D374390077F3F5 /* RouteViewController.swift */ = {isa = PBXFileReference; lastKnownFileType = sourcecode.swift; path = RouteViewController.swift; sourceTree = "<group>"; };
		05FCBA2923D4A9980077F3F5 /* RegisterViewController.swift */ = {isa = PBXFileReference; lastKnownFileType = sourcecode.swift; path = RegisterViewController.swift; sourceTree = "<group>"; };
		05FCBA2B23D5F6AC0077F3F5 /* CommonTableViewCell.swift */ = {isa = PBXFileReference; lastKnownFileType = sourcecode.swift; path = CommonTableViewCell.swift; sourceTree = "<group>"; };
		100734982390586B007695DA /* Mission Connect.app */ = {isa = PBXFileReference; explicitFileType = wrapper.application; includeInIndex = 0; path = "Mission Connect.app"; sourceTree = BUILT_PRODUCTS_DIR; };
		1007349B2390586B007695DA /* AppDelegate.swift */ = {isa = PBXFileReference; lastKnownFileType = sourcecode.swift; path = AppDelegate.swift; sourceTree = "<group>"; };
		100734A02390586B007695DA /* Base */ = {isa = PBXFileReference; lastKnownFileType = file.storyboard; name = Base; path = Base.lproj/Main.storyboard; sourceTree = "<group>"; };
		100734A52390586D007695DA /* Base */ = {isa = PBXFileReference; lastKnownFileType = file.storyboard; name = Base; path = Base.lproj/LaunchScreen.storyboard; sourceTree = "<group>"; };
		100734A72390586E007695DA /* Info.plist */ = {isa = PBXFileReference; lastKnownFileType = text.plist.xml; path = Info.plist; sourceTree = "<group>"; };
		100734AD239058D1007695DA /* GoogleService-Info.plist */ = {isa = PBXFileReference; fileEncoding = 4; lastKnownFileType = text.plist.xml; path = "GoogleService-Info.plist"; sourceTree = "<group>"; };
		10226B7E2427328400744797 /* AddClubsTableViewController.swift */ = {isa = PBXFileReference; lastKnownFileType = sourcecode.swift; path = AddClubsTableViewController.swift; sourceTree = "<group>"; };
		10448F44244C01C50044D290 /* ApproveClubsListViewController.swift */ = {isa = PBXFileReference; lastKnownFileType = sourcecode.swift; path = ApproveClubsListViewController.swift; sourceTree = "<group>"; };
		104A136023BEE1F100AF7AB7 /* DataService.swift */ = {isa = PBXFileReference; lastKnownFileType = sourcecode.swift; path = DataService.swift; sourceTree = "<group>"; };
		104EB6E424625F2500DCAB8E /* UIViewController+Extension.swift */ = {isa = PBXFileReference; lastKnownFileType = sourcecode.swift; path = "UIViewController+Extension.swift"; sourceTree = "<group>"; };
		105AB2C72447C02000F1B4C0 /* ProposeClubViewController.swift */ = {isa = PBXFileReference; lastKnownFileType = sourcecode.swift; path = ProposeClubViewController.swift; sourceTree = "<group>"; };
		105C25F12393894F000D1D96 /* Event.swift */ = {isa = PBXFileReference; lastKnownFileType = sourcecode.swift; path = Event.swift; sourceTree = "<group>"; };
		105C25F323939160000D1D96 /* Club.swift */ = {isa = PBXFileReference; lastKnownFileType = sourcecode.swift; path = Club.swift; sourceTree = "<group>"; };
		105C25F7239398F4000D1D96 /* ClubDetailsViewController.swift */ = {isa = PBXFileReference; lastKnownFileType = sourcecode.swift; path = ClubDetailsViewController.swift; sourceTree = "<group>"; };
		10779BAA242854A600B56392 /* EventListTableViewController.swift */ = {isa = PBXFileReference; lastKnownFileType = sourcecode.swift; path = EventListTableViewController.swift; sourceTree = "<group>"; };
		1089A05824650F2E0041EDD0 /* UITextField+addDoneButtonOnKeyboard.swift */ = {isa = PBXFileReference; lastKnownFileType = sourcecode.swift; path = "UITextField+addDoneButtonOnKeyboard.swift"; sourceTree = "<group>"; };
		1089A05A2465112A0041EDD0 /* UITextView+Extension.swift */ = {isa = PBXFileReference; lastKnownFileType = sourcecode.swift; path = "UITextView+Extension.swift"; sourceTree = "<group>"; };
		108C33B6239A214100944F82 /* Mission Connect.entitlements */ = {isa = PBXFileReference; lastKnownFileType = text.plist.entitlements; path = "Mission Connect.entitlements"; sourceTree = "<group>"; };
		108CB1142491871400318F43 /* UITableView+setEmptyView.swift */ = {isa = PBXFileReference; lastKnownFileType = sourcecode.swift; path = "UITableView+setEmptyView.swift"; sourceTree = "<group>"; };
		10BCB5842394C5270089EE56 /* Assets.xcassets */ = {isa = PBXFileReference; lastKnownFileType = folder.assetcatalog; path = Assets.xcassets; sourceTree = "<group>"; };
		1EEFFF29E20647B71014D8BE /* Pods_Mission_Connect.framework */ = {isa = PBXFileReference; explicitFileType = wrapper.framework; includeInIndex = 0; path = Pods_Mission_Connect.framework; sourceTree = BUILT_PRODUCTS_DIR; };
		4B9A47206584422745FBA0EC /* Pods-Mission Connect.release.xcconfig */ = {isa = PBXFileReference; includeInIndex = 1; lastKnownFileType = text.xcconfig; name = "Pods-Mission Connect.release.xcconfig"; path = "Target Support Files/Pods-Mission Connect/Pods-Mission Connect.release.xcconfig"; sourceTree = "<group>"; };
		F95906A2C2FE0B1CB429B296 /* Pods-Mission Connect.debug.xcconfig */ = {isa = PBXFileReference; includeInIndex = 1; lastKnownFileType = text.xcconfig; name = "Pods-Mission Connect.debug.xcconfig"; path = "Target Support Files/Pods-Mission Connect/Pods-Mission Connect.debug.xcconfig"; sourceTree = "<group>"; };
/* End PBXFileReference section */

/* Begin PBXFrameworksBuildPhase section */
		100734952390586B007695DA /* Frameworks */ = {
			isa = PBXFrameworksBuildPhase;
			buildActionMask = 2147483647;
			files = (
				10E36A152501E7BB0035E084 /* Pods_Mission_Connect.framework in Frameworks */,
			);
			runOnlyForDeploymentPostprocessing = 0;
		};
/* End PBXFrameworksBuildPhase section */

/* Begin PBXGroup section */
		0533BAFB23D0BF91009B3D3A /* PublishScreens */ = {
			isa = PBXGroup;
			children = (
				0533BAFC23D0BFA2009B3D3A /* PublishViewController.swift */,
			);
			path = PublishScreens;
			sourceTree = "<group>";
		};
		054AD56923CE0D03007A9A1C /* HomeViewController */ = {
			isa = PBXGroup;
			children = (
				054AD56A23CE0D1B007A9A1C /* HomeViewController.swift */,
				054AD56C23CE0D2A007A9A1C /* SideMenuViewController.swift */,
				054AD56E23CE0D44007A9A1C /* SideTableViewCell.swift */,
				054AD58223CF5E33007A9A1C /* ImageLabelCollectionViewCell.swift */,
				054AD58723CF73C0007A9A1C /* EventDetailsViewController1.swift */,
				05FCBA2223D368600077F3F5 /* CustomTabBarViewController.swift */,
				05FCBA2423D374390077F3F5 /* RouteViewController.swift */,
				05FCBA2923D4A9980077F3F5 /* RegisterViewController.swift */,
				105C25F7239398F4000D1D96 /* ClubDetailsViewController.swift */,
			);
			path = HomeViewController;
			sourceTree = "<group>";
		};
		054AD57023CE16EE007A9A1C /* SideMenuClass */ = {
			isa = PBXGroup;
			children = (
				054AD57123CE16EE007A9A1C /* MASliderSpringAnimator.swift */,
				054AD57223CE16EE007A9A1C /* MASliderViewController.swift */,
				054AD57323CE16EE007A9A1C /* Helper1ViewController.swift */,
				054AD57423CE16EE007A9A1C /* MASliderAnimating.swift */,
				054AD57523CE16EE007A9A1C /* MASliderView.swift */,
			);
			path = SideMenuClass;
			sourceTree = "<group>";
		};
		054AD57B23CE1A92007A9A1C /* StaticViewController */ = {
			isa = PBXGroup;
			children = (
				054AD57C23CE1AAB007A9A1C /* SupportViewController.swift */,
				054AD58023CE20C8007A9A1C /* PrivacyViewController.swift */,
				0533BAF523D01E8E009B3D3A /* SecurityViewController.swift */,
			);
			path = StaticViewController;
			sourceTree = "<group>";
		};
		054AD58423CF64D0007A9A1C /* ClubsViewController */ = {
			isa = PBXGroup;
			children = (
				054AD58523CF64FE007A9A1C /* ClubViewController.swift */,
				0533BAF923D0AEEA009B3D3A /* ClubsDetailsViewController.swift */,
				10226B7E2427328400744797 /* AddClubsTableViewController.swift */,
				105AB2C72447C02000F1B4C0 /* ProposeClubViewController.swift */,
				10448F44244C01C50044D290 /* ApproveClubsListViewController.swift */,
			);
			path = ClubsViewController;
			sourceTree = "<group>";
		};
		05F6BF9323DB3E5200F89259 /* FirebaseHelperClass */ = {
			isa = PBXGroup;
			children = (
				05F6BF9423DB3E8100F89259 /* FIRHelperClass.swift */,
			);
			path = FirebaseHelperClass;
			sourceTree = "<group>";
		};
		05FCBA2623D49F7A0077F3F5 /* EventViewController */ = {
			isa = PBXGroup;
			children = (
				05FCBA2B23D5F6AC0077F3F5 /* CommonTableViewCell.swift */,
				10779BAA242854A600B56392 /* EventListTableViewController.swift */,
			);
			path = EventViewController;
			sourceTree = "<group>";
		};
		1007348F2390586B007695DA = {
			isa = PBXGroup;
			children = (
				104A135F23BEE1D700AF7AB7 /* Services */,
				1007349A2390586B007695DA /* Mission Connect */,
				100734992390586B007695DA /* Products */,
				613C4FBFF76B065A16D1D432 /* Pods */,
				6A0C1B7F665E9694AD4DE1A3 /* Frameworks */,
			);
			sourceTree = "<group>";
		};
		100734992390586B007695DA /* Products */ = {
			isa = PBXGroup;
			children = (
				100734982390586B007695DA /* Mission Connect.app */,
			);
			name = Products;
			sourceTree = "<group>";
		};
		1007349A2390586B007695DA /* Mission Connect */ = {
			isa = PBXGroup;
			children = (
				108CB113249186DA00318F43 /* Extensions */,
				108C33B6239A214100944F82 /* Mission Connect.entitlements */,
				10303B782394861E00F7C2F5 /* Controller */,
				10303B772394860700F7C2F5 /* View */,
				10303B76239485E900F7C2F5 /* Model */,
				1007349B2390586B007695DA /* AppDelegate.swift */,
				100734AD239058D1007695DA /* GoogleService-Info.plist */,
				100734A72390586E007695DA /* Info.plist */,
			);
			path = "Mission Connect";
			sourceTree = "<group>";
		};
		10303B76239485E900F7C2F5 /* Model */ = {
			isa = PBXGroup;
			children = (
				105C25F323939160000D1D96 /* Club.swift */,
				105C25F12393894F000D1D96 /* Event.swift */,
			);
			path = Model;
			sourceTree = "<group>";
		};
		10303B772394860700F7C2F5 /* View */ = {
			isa = PBXGroup;
			children = (
				1007349F2390586B007695DA /* Main.storyboard */,
				10BCB5842394C5270089EE56 /* Assets.xcassets */,
				100734A42390586D007695DA /* LaunchScreen.storyboard */,
				0533BAF723D0AE77009B3D3A /* Other.storyboard */,
			);
			path = View;
			sourceTree = "<group>";
		};
		10303B782394861E00F7C2F5 /* Controller */ = {
			isa = PBXGroup;
			children = (
				05F6BF9323DB3E5200F89259 /* FirebaseHelperClass */,
				05FCBA2623D49F7A0077F3F5 /* EventViewController */,
				0533BAFB23D0BF91009B3D3A /* PublishScreens */,
				054AD58423CF64D0007A9A1C /* ClubsViewController */,
				054AD57B23CE1A92007A9A1C /* StaticViewController */,
				054AD57023CE16EE007A9A1C /* SideMenuClass */,
				054AD56923CE0D03007A9A1C /* HomeViewController */,
			);
			path = Controller;
			sourceTree = "<group>";
		};
		104A135F23BEE1D700AF7AB7 /* Services */ = {
			isa = PBXGroup;
			children = (
				104A136023BEE1F100AF7AB7 /* DataService.swift */,
			);
			path = Services;
			sourceTree = "<group>";
		};
		108CB113249186DA00318F43 /* Extensions */ = {
			isa = PBXGroup;
			children = (
				1089A05824650F2E0041EDD0 /* UITextField+addDoneButtonOnKeyboard.swift */,
				1089A05A2465112A0041EDD0 /* UITextView+Extension.swift */,
				104EB6E424625F2500DCAB8E /* UIViewController+Extension.swift */,
				108CB1142491871400318F43 /* UITableView+setEmptyView.swift */,
			);
			path = Extensions;
			sourceTree = "<group>";
		};
		613C4FBFF76B065A16D1D432 /* Pods */ = {
			isa = PBXGroup;
			children = (
				F95906A2C2FE0B1CB429B296 /* Pods-Mission Connect.debug.xcconfig */,
				4B9A47206584422745FBA0EC /* Pods-Mission Connect.release.xcconfig */,
			);
			path = Pods;
			sourceTree = "<group>";
		};
		6A0C1B7F665E9694AD4DE1A3 /* Frameworks */ = {
			isa = PBXGroup;
			children = (
				1EEFFF29E20647B71014D8BE /* Pods_Mission_Connect.framework */,
			);
			name = Frameworks;
			sourceTree = "<group>";
		};
/* End PBXGroup section */

/* Begin PBXNativeTarget section */
		100734972390586B007695DA /* Mission Connect */ = {
			isa = PBXNativeTarget;
			buildConfigurationList = 100734AA2390586E007695DA /* Build configuration list for PBXNativeTarget "Mission Connect" */;
			buildPhases = (
				A4FDC3FB2D55D3F92E53F38F /* [CP] Check Pods Manifest.lock */,
				100734942390586B007695DA /* Sources */,
				100734952390586B007695DA /* Frameworks */,
				100734962390586B007695DA /* Resources */,
				168A944049669059C8AEB0F0 /* [CP] Copy Pods Resources */,
				DAC938B9835685253BC5088D /* [CP] Embed Pods Frameworks */,
			);
			buildRules = (
			);
			dependencies = (
			);
			name = "Mission Connect";
			productName = "Mission Connect";
			productReference = 100734982390586B007695DA /* Mission Connect.app */;
			productType = "com.apple.product-type.application";
		};
/* End PBXNativeTarget section */

/* Begin PBXProject section */
		100734902390586B007695DA /* Project object */ = {
			isa = PBXProject;
			attributes = {
				LastSwiftUpdateCheck = 1030;
				LastUpgradeCheck = 1030;
				ORGANIZATIONNAME = "Anirudh Valiveru";
				TargetAttributes = {
					100734972390586B007695DA = {
						CreatedOnToolsVersion = 10.3;
						SystemCapabilities = {
							com.apple.Keychain = {
								enabled = 1;
							};
						};
					};
				};
			};
			buildConfigurationList = 100734932390586B007695DA /* Build configuration list for PBXProject "Mission Connect" */;
			compatibilityVersion = "Xcode 9.3";
			developmentRegion = en;
			hasScannedForEncodings = 0;
			knownRegions = (
				en,
				Base,
			);
			mainGroup = 1007348F2390586B007695DA;
			productRefGroup = 100734992390586B007695DA /* Products */;
			projectDirPath = "";
			projectRoot = "";
			targets = (
				100734972390586B007695DA /* Mission Connect */,
			);
		};
/* End PBXProject section */

/* Begin PBXResourcesBuildPhase section */
		100734962390586B007695DA /* Resources */ = {
			isa = PBXResourcesBuildPhase;
			buildActionMask = 2147483647;
			files = (
				100734A62390586D007695DA /* LaunchScreen.storyboard in Resources */,
				0533BAF823D0AE77009B3D3A /* Other.storyboard in Resources */,
				100734AE239058D1007695DA /* GoogleService-Info.plist in Resources */,
				10BCB5852394C5270089EE56 /* Assets.xcassets in Resources */,
				100734A12390586B007695DA /* Main.storyboard in Resources */,
			);
			runOnlyForDeploymentPostprocessing = 0;
		};
/* End PBXResourcesBuildPhase section */

/* Begin PBXShellScriptBuildPhase section */
		168A944049669059C8AEB0F0 /* [CP] Copy Pods Resources */ = {
			isa = PBXShellScriptBuildPhase;
			buildActionMask = 2147483647;
			files = (
			);
			inputFileListPaths = (
				"${PODS_ROOT}/Target Support Files/Pods-Mission Connect/Pods-Mission Connect-resources-${CONFIGURATION}-input-files.xcfilelist",
			);
			name = "[CP] Copy Pods Resources";
			outputFileListPaths = (
				"${PODS_ROOT}/Target Support Files/Pods-Mission Connect/Pods-Mission Connect-resources-${CONFIGURATION}-output-files.xcfilelist",
			);
			runOnlyForDeploymentPostprocessing = 0;
			shellPath = /bin/sh;
			shellScript = "\"${PODS_ROOT}/Target Support Files/Pods-Mission Connect/Pods-Mission Connect-resources.sh\"\n";
			showEnvVarsInLog = 0;
		};
		A4FDC3FB2D55D3F92E53F38F /* [CP] Check Pods Manifest.lock */ = {
			isa = PBXShellScriptBuildPhase;
			buildActionMask = 2147483647;
			files = (
			);
			inputFileListPaths = (
			);
			inputPaths = (
				"${PODS_PODFILE_DIR_PATH}/Podfile.lock",
				"${PODS_ROOT}/Manifest.lock",
			);
			name = "[CP] Check Pods Manifest.lock";
			outputFileListPaths = (
			);
			outputPaths = (
				"$(DERIVED_FILE_DIR)/Pods-Mission Connect-checkManifestLockResult.txt",
			);
			runOnlyForDeploymentPostprocessing = 0;
			shellPath = /bin/sh;
			shellScript = "diff \"${PODS_PODFILE_DIR_PATH}/Podfile.lock\" \"${PODS_ROOT}/Manifest.lock\" > /dev/null\nif [ $? != 0 ] ; then\n    # print error to STDERR\n    echo \"error: The sandbox is not in sync with the Podfile.lock. Run 'pod install' or update your CocoaPods installation.\" >&2\n    exit 1\nfi\n# This output is used by Xcode 'outputs' to avoid re-running this script phase.\necho \"SUCCESS\" > \"${SCRIPT_OUTPUT_FILE_0}\"\n";
			showEnvVarsInLog = 0;
		};
		DAC938B9835685253BC5088D /* [CP] Embed Pods Frameworks */ = {
			isa = PBXShellScriptBuildPhase;
			buildActionMask = 2147483647;
			files = (
			);
			inputFileListPaths = (
				"${PODS_ROOT}/Target Support Files/Pods-Mission Connect/Pods-Mission Connect-frameworks-${CONFIGURATION}-input-files.xcfilelist",
			);
			name = "[CP] Embed Pods Frameworks";
			outputFileListPaths = (
				"${PODS_ROOT}/Target Support Files/Pods-Mission Connect/Pods-Mission Connect-frameworks-${CONFIGURATION}-output-files.xcfilelist",
			);
			runOnlyForDeploymentPostprocessing = 0;
			shellPath = /bin/sh;
			shellScript = "\"${PODS_ROOT}/Target Support Files/Pods-Mission Connect/Pods-Mission Connect-frameworks.sh\"\n";
			showEnvVarsInLog = 0;
		};
/* End PBXShellScriptBuildPhase section */

/* Begin PBXSourcesBuildPhase section */
		100734942390586B007695DA /* Sources */ = {
			isa = PBXSourcesBuildPhase;
			buildActionMask = 2147483647;
			files = (
				054AD58123CE20C8007A9A1C /* PrivacyViewController.swift in Sources */,
				054AD56F23CE0D44007A9A1C /* SideTableViewCell.swift in Sources */,
				10448F45244C01C50044D290 /* ApproveClubsListViewController.swift in Sources */,
				0533BAFD23D0BFA2009B3D3A /* PublishViewController.swift in Sources */,
				054AD58823CF73C0007A9A1C /* EventDetailsViewController1.swift in Sources */,
				105C25F22393894F000D1D96 /* Event.swift in Sources */,
				054AD58623CF64FE007A9A1C /* ClubViewController.swift in Sources */,
				104EB6E524625F2500DCAB8E /* UIViewController+Extension.swift in Sources */,
				1089A05924650F2E0041EDD0 /* UITextField+addDoneButtonOnKeyboard.swift in Sources */,
				054AD56D23CE0D2A007A9A1C /* SideMenuViewController.swift in Sources */,
				05FCBA2A23D4A9980077F3F5 /* RegisterViewController.swift in Sources */,
				054AD57623CE16EE007A9A1C /* MASliderSpringAnimator.swift in Sources */,
				05FCBA2C23D5F6AC0077F3F5 /* CommonTableViewCell.swift in Sources */,
				105C25F423939160000D1D96 /* Club.swift in Sources */,
				0533BAF623D01E8E009B3D3A /* SecurityViewController.swift in Sources */,
				05F6BF9523DB3E8100F89259 /* FIRHelperClass.swift in Sources */,
				10779BAB242854A600B56392 /* EventListTableViewController.swift in Sources */,
				1089A05B2465112A0041EDD0 /* UITextView+Extension.swift in Sources */,
				105C25F8239398F4000D1D96 /* ClubDetailsViewController.swift in Sources */,
				054AD57923CE16EE007A9A1C /* MASliderAnimating.swift in Sources */,
				054AD57723CE16EE007A9A1C /* MASliderViewController.swift in Sources */,
				108CB1152491871400318F43 /* UITableView+setEmptyView.swift in Sources */,
				105AB2C82447C02000F1B4C0 /* ProposeClubViewController.swift in Sources */,
				10226B7F2427328400744797 /* AddClubsTableViewController.swift in Sources */,
				054AD57823CE16EE007A9A1C /* Helper1ViewController.swift in Sources */,
				1007349C2390586B007695DA /* AppDelegate.swift in Sources */,
				054AD58323CF5E33007A9A1C /* ImageLabelCollectionViewCell.swift in Sources */,
				054AD57A23CE16EE007A9A1C /* MASliderView.swift in Sources */,
				05FCBA2523D374390077F3F5 /* RouteViewController.swift in Sources */,
				054AD56B23CE0D1B007A9A1C /* HomeViewController.swift in Sources */,
				05FCBA2323D368600077F3F5 /* CustomTabBarViewController.swift in Sources */,
				104A136123BEE1F100AF7AB7 /* DataService.swift in Sources */,
				0533BAFA23D0AEEA009B3D3A /* ClubsDetailsViewController.swift in Sources */,
				054AD57D23CE1AAB007A9A1C /* SupportViewController.swift in Sources */,
			);
			runOnlyForDeploymentPostprocessing = 0;
		};
/* End PBXSourcesBuildPhase section */

/* Begin PBXVariantGroup section */
		1007349F2390586B007695DA /* Main.storyboard */ = {
			isa = PBXVariantGroup;
			children = (
				100734A02390586B007695DA /* Base */,
			);
			name = Main.storyboard;
			sourceTree = "<group>";
		};
		100734A42390586D007695DA /* LaunchScreen.storyboard */ = {
			isa = PBXVariantGroup;
			children = (
				100734A52390586D007695DA /* Base */,
			);
			name = LaunchScreen.storyboard;
			sourceTree = "<group>";
		};
/* End PBXVariantGroup section */

/* Begin XCBuildConfiguration section */
		100734A82390586E007695DA /* Debug */ = {
			isa = XCBuildConfiguration;
			buildSettings = {
				ALWAYS_SEARCH_USER_PATHS = NO;
				CLANG_ANALYZER_NONNULL = YES;
				CLANG_ANALYZER_NUMBER_OBJECT_CONVERSION = YES_AGGRESSIVE;
				CLANG_CXX_LANGUAGE_STANDARD = "gnu++14";
				CLANG_CXX_LIBRARY = "libc++";
				CLANG_ENABLE_MODULES = YES;
				CLANG_ENABLE_OBJC_ARC = YES;
				CLANG_ENABLE_OBJC_WEAK = YES;
				CLANG_WARN_BLOCK_CAPTURE_AUTORELEASING = YES;
				CLANG_WARN_BOOL_CONVERSION = YES;
				CLANG_WARN_COMMA = YES;
				CLANG_WARN_CONSTANT_CONVERSION = YES;
				CLANG_WARN_DEPRECATED_OBJC_IMPLEMENTATIONS = YES;
				CLANG_WARN_DIRECT_OBJC_ISA_USAGE = YES_ERROR;
				CLANG_WARN_DOCUMENTATION_COMMENTS = YES;
				CLANG_WARN_EMPTY_BODY = YES;
				CLANG_WARN_ENUM_CONVERSION = YES;
				CLANG_WARN_INFINITE_RECURSION = YES;
				CLANG_WARN_INT_CONVERSION = YES;
				CLANG_WARN_NON_LITERAL_NULL_CONVERSION = YES;
				CLANG_WARN_OBJC_IMPLICIT_RETAIN_SELF = YES;
				CLANG_WARN_OBJC_LITERAL_CONVERSION = YES;
				CLANG_WARN_OBJC_ROOT_CLASS = YES_ERROR;
				CLANG_WARN_RANGE_LOOP_ANALYSIS = YES;
				CLANG_WARN_STRICT_PROTOTYPES = YES;
				CLANG_WARN_SUSPICIOUS_MOVE = YES;
				CLANG_WARN_UNGUARDED_AVAILABILITY = YES_AGGRESSIVE;
				CLANG_WARN_UNREACHABLE_CODE = YES;
				CLANG_WARN__DUPLICATE_METHOD_MATCH = YES;
				CODE_SIGN_IDENTITY = "iPhone Developer";
				COPY_PHASE_STRIP = NO;
				DEBUG_INFORMATION_FORMAT = dwarf;
				ENABLE_STRICT_OBJC_MSGSEND = YES;
				ENABLE_TESTABILITY = YES;
				GCC_C_LANGUAGE_STANDARD = gnu11;
				GCC_DYNAMIC_NO_PIC = NO;
				GCC_NO_COMMON_BLOCKS = YES;
				GCC_OPTIMIZATION_LEVEL = 0;
				GCC_PREPROCESSOR_DEFINITIONS = (
					"DEBUG=1",
					"$(inherited)",
				);
				GCC_WARN_64_TO_32_BIT_CONVERSION = YES;
				GCC_WARN_ABOUT_RETURN_TYPE = YES_ERROR;
				GCC_WARN_UNDECLARED_SELECTOR = YES;
				GCC_WARN_UNINITIALIZED_AUTOS = YES_AGGRESSIVE;
				GCC_WARN_UNUSED_FUNCTION = YES;
				GCC_WARN_UNUSED_VARIABLE = YES;
				IPHONEOS_DEPLOYMENT_TARGET = 12.4;
				MTL_ENABLE_DEBUG_INFO = INCLUDE_SOURCE;
				MTL_FAST_MATH = YES;
				ONLY_ACTIVE_ARCH = YES;
				SDKROOT = iphoneos;
				SWIFT_ACTIVE_COMPILATION_CONDITIONS = DEBUG;
				SWIFT_OPTIMIZATION_LEVEL = "-Onone";
			};
			name = Debug;
		};
		100734A92390586E007695DA /* Release */ = {
			isa = XCBuildConfiguration;
			buildSettings = {
				ALWAYS_SEARCH_USER_PATHS = NO;
				CLANG_ANALYZER_NONNULL = YES;
				CLANG_ANALYZER_NUMBER_OBJECT_CONVERSION = YES_AGGRESSIVE;
				CLANG_CXX_LANGUAGE_STANDARD = "gnu++14";
				CLANG_CXX_LIBRARY = "libc++";
				CLANG_ENABLE_MODULES = YES;
				CLANG_ENABLE_OBJC_ARC = YES;
				CLANG_ENABLE_OBJC_WEAK = YES;
				CLANG_WARN_BLOCK_CAPTURE_AUTORELEASING = YES;
				CLANG_WARN_BOOL_CONVERSION = YES;
				CLANG_WARN_COMMA = YES;
				CLANG_WARN_CONSTANT_CONVERSION = YES;
				CLANG_WARN_DEPRECATED_OBJC_IMPLEMENTATIONS = YES;
				CLANG_WARN_DIRECT_OBJC_ISA_USAGE = YES_ERROR;
				CLANG_WARN_DOCUMENTATION_COMMENTS = YES;
				CLANG_WARN_EMPTY_BODY = YES;
				CLANG_WARN_ENUM_CONVERSION = YES;
				CLANG_WARN_INFINITE_RECURSION = YES;
				CLANG_WARN_INT_CONVERSION = YES;
				CLANG_WARN_NON_LITERAL_NULL_CONVERSION = YES;
				CLANG_WARN_OBJC_IMPLICIT_RETAIN_SELF = YES;
				CLANG_WARN_OBJC_LITERAL_CONVERSION = YES;
				CLANG_WARN_OBJC_ROOT_CLASS = YES_ERROR;
				CLANG_WARN_RANGE_LOOP_ANALYSIS = YES;
				CLANG_WARN_STRICT_PROTOTYPES = YES;
				CLANG_WARN_SUSPICIOUS_MOVE = YES;
				CLANG_WARN_UNGUARDED_AVAILABILITY = YES_AGGRESSIVE;
				CLANG_WARN_UNREACHABLE_CODE = YES;
				CLANG_WARN__DUPLICATE_METHOD_MATCH = YES;
				CODE_SIGN_IDENTITY = "iPhone Developer";
				COPY_PHASE_STRIP = NO;
				DEBUG_INFORMATION_FORMAT = "dwarf-with-dsym";
				ENABLE_NS_ASSERTIONS = NO;
				ENABLE_STRICT_OBJC_MSGSEND = YES;
				GCC_C_LANGUAGE_STANDARD = gnu11;
				GCC_NO_COMMON_BLOCKS = YES;
				GCC_WARN_64_TO_32_BIT_CONVERSION = YES;
				GCC_WARN_ABOUT_RETURN_TYPE = YES_ERROR;
				GCC_WARN_UNDECLARED_SELECTOR = YES;
				GCC_WARN_UNINITIALIZED_AUTOS = YES_AGGRESSIVE;
				GCC_WARN_UNUSED_FUNCTION = YES;
				GCC_WARN_UNUSED_VARIABLE = YES;
				IPHONEOS_DEPLOYMENT_TARGET = 12.4;
				MTL_ENABLE_DEBUG_INFO = NO;
				MTL_FAST_MATH = YES;
				SDKROOT = iphoneos;
				SWIFT_COMPILATION_MODE = wholemodule;
				SWIFT_OPTIMIZATION_LEVEL = "-O";
				VALIDATE_PRODUCT = YES;
			};
			name = Release;
		};
		100734AB2390586E007695DA /* Debug */ = {
			isa = XCBuildConfiguration;
			baseConfigurationReference = F95906A2C2FE0B1CB429B296 /* Pods-Mission Connect.debug.xcconfig */;
			buildSettings = {
				ASSETCATALOG_COMPILER_APPICON_NAME = AppIcon;
				CODE_SIGN_ENTITLEMENTS = "Mission Connect/Mission Connect.entitlements";
				CODE_SIGN_STYLE = Automatic;
				CURRENT_PROJECT_VERSION = 3;
				DEVELOPMENT_TEAM = B7U4PEN689;
				INFOPLIST_FILE = "Mission Connect/Info.plist";
				LD_RUNPATH_SEARCH_PATHS = (
					"$(inherited)",
					"@executable_path/Frameworks",
				);
				MARKETING_VERSION = 1.2;
				PRODUCT_BUNDLE_IDENTIFIER = "com.valiveru.Mission-Connect";
				PRODUCT_NAME = "$(TARGET_NAME)";
				SWIFT_VERSION = 5.0;
				TARGETED_DEVICE_FAMILY = 1;
			};
			name = Debug;
		};
		100734AC2390586E007695DA /* Release */ = {
			isa = XCBuildConfiguration;
			baseConfigurationReference = 4B9A47206584422745FBA0EC /* Pods-Mission Connect.release.xcconfig */;
			buildSettings = {
				ASSETCATALOG_COMPILER_APPICON_NAME = AppIcon;
				CODE_SIGN_ENTITLEMENTS = "Mission Connect/Mission Connect.entitlements";
				CODE_SIGN_STYLE = Automatic;
				CURRENT_PROJECT_VERSION = 3;
				DEVELOPMENT_TEAM = B7U4PEN689;
				INFOPLIST_FILE = "Mission Connect/Info.plist";
				LD_RUNPATH_SEARCH_PATHS = (
					"$(inherited)",
					"@executable_path/Frameworks",
				);
				MARKETING_VERSION = 1.2;
				PRODUCT_BUNDLE_IDENTIFIER = "com.valiveru.Mission-Connect";
				PRODUCT_NAME = "$(TARGET_NAME)";
				SWIFT_VERSION = 5.0;
				TARGETED_DEVICE_FAMILY = 1;
			};
			name = Release;
		};
/* End XCBuildConfiguration section */

/* Begin XCConfigurationList section */
		100734932390586B007695DA /* Build configuration list for PBXProject "Mission Connect" */ = {
			isa = XCConfigurationList;
			buildConfigurations = (
				100734A82390586E007695DA /* Debug */,
				100734A92390586E007695DA /* Release */,
			);
			defaultConfigurationIsVisible = 0;
			defaultConfigurationName = Release;
		};
		100734AA2390586E007695DA /* Build configuration list for PBXNativeTarget "Mission Connect" */ = {
			isa = XCConfigurationList;
			buildConfigurations = (
				100734AB2390586E007695DA /* Debug */,
				100734AC2390586E007695DA /* Release */,
			);
			defaultConfigurationIsVisible = 0;
			defaultConfigurationName = Release;
		};
/* End XCConfigurationList section */
	};
	rootObject = 100734902390586B007695DA /* Project object */;
}
